// !$*UTF8*$!
{
	archiveVersion = 1;
	classes = {
	};
	objectVersion = 56;
	objects = {

/* Begin PBXBuildFile section */
		C697A7BE2B9AB7A20046F135 /* AppDelegate.swift in Sources */ = {isa = PBXBuildFile; fileRef = C697A7BD2B9AB7A20046F135 /* AppDelegate.swift */; };
		C697A7C02B9AB7A20046F135 /* SceneDelegate.swift in Sources */ = {isa = PBXBuildFile; fileRef = C697A7BF2B9AB7A20046F135 /* SceneDelegate.swift */; };
		C697A7C22B9AB7A20046F135 /* ViewController.swift in Sources */ = {isa = PBXBuildFile; fileRef = C697A7C12B9AB7A20046F135 /* ViewController.swift */; };
		C697A7C52B9AB7A20046F135 /* Main.storyboard in Resources */ = {isa = PBXBuildFile; fileRef = C697A7C32B9AB7A20046F135 /* Main.storyboard */; };
		C697A7C72B9AB7A30046F135 /* Assets.xcassets in Resources */ = {isa = PBXBuildFile; fileRef = C697A7C62B9AB7A30046F135 /* Assets.xcassets */; };
		C697A7CA2B9AB7A30046F135 /* LaunchScreen.storyboard in Resources */ = {isa = PBXBuildFile; fileRef = C697A7C82B9AB7A30046F135 /* LaunchScreen.storyboard */; };
		C697A7D52B9AB7A30046F135 /* take_videoTests.swift in Sources */ = {isa = PBXBuildFile; fileRef = C697A7D42B9AB7A30046F135 /* take_videoTests.swift */; };
		C697A7DF2B9AB7A30046F135 /* take_videoUITests.swift in Sources */ = {isa = PBXBuildFile; fileRef = C697A7DE2B9AB7A30046F135 /* take_videoUITests.swift */; };
		C697A7E12B9AB7A30046F135 /* take_videoUITestsLaunchTests.swift in Sources */ = {isa = PBXBuildFile; fileRef = C697A7E02B9AB7A30046F135 /* take_videoUITestsLaunchTests.swift */; };
/* End PBXBuildFile section */

/* Begin PBXContainerItemProxy section */
		C697A7D12B9AB7A30046F135 /* PBXContainerItemProxy */ = {
			isa = PBXContainerItemProxy;
			containerPortal = C697A7B22B9AB7A20046F135 /* Project object */;
			proxyType = 1;
			remoteGlobalIDString = C697A7B92B9AB7A20046F135;
			remoteInfo = take_video;
		};
		C697A7DB2B9AB7A30046F135 /* PBXContainerItemProxy */ = {
			isa = PBXContainerItemProxy;
			containerPortal = C697A7B22B9AB7A20046F135 /* Project object */;
			proxyType = 1;
			remoteGlobalIDString = C697A7B92B9AB7A20046F135;
			remoteInfo = take_video;
		};
/* End PBXContainerItemProxy section */

/* Begin PBXFileReference section */
		C697A7BA2B9AB7A20046F135 /* take_video.app */ = {isa = PBXFileReference; explicitFileType = wrapper.application; includeInIndex = 0; path = take_video.app; sourceTree = BUILT_PRODUCTS_DIR; };
		C697A7BD2B9AB7A20046F135 /* AppDelegate.swift */ = {isa = PBXFileReference; lastKnownFileType = sourcecode.swift; path = AppDelegate.swift; sourceTree = "<group>"; };
		C697A7BF2B9AB7A20046F135 /* SceneDelegate.swift */ = {isa = PBXFileReference; lastKnownFileType = sourcecode.swift; path = SceneDelegate.swift; sourceTree = "<group>"; };
		C697A7C12B9AB7A20046F135 /* ViewController.swift */ = {isa = PBXFileReference; lastKnownFileType = sourcecode.swift; path = ViewController.swift; sourceTree = "<group>"; };
		C697A7C42B9AB7A20046F135 /* Base */ = {isa = PBXFileReference; lastKnownFileType = file.storyboard; name = Base; path = Base.lproj/Main.storyboard; sourceTree = "<group>"; };
		C697A7C62B9AB7A30046F135 /* Assets.xcassets */ = {isa = PBXFileReference; lastKnownFileType = folder.assetcatalog; path = Assets.xcassets; sourceTree = "<group>"; };
		C697A7C92B9AB7A30046F135 /* Base */ = {isa = PBXFileReference; lastKnownFileType = file.storyboard; name = Base; path = Base.lproj/LaunchScreen.storyboard; sourceTree = "<group>"; };
		C697A7CB2B9AB7A30046F135 /* Info.plist */ = {isa = PBXFileReference; lastKnownFileType = text.plist.xml; path = Info.plist; sourceTree = "<group>"; };
		C697A7D02B9AB7A30046F135 /* take_videoTests.xctest */ = {isa = PBXFileReference; explicitFileType = wrapper.cfbundle; includeInIndex = 0; path = take_videoTests.xctest; sourceTree = BUILT_PRODUCTS_DIR; };
		C697A7D42B9AB7A30046F135 /* take_videoTests.swift */ = {isa = PBXFileReference; lastKnownFileType = sourcecode.swift; path = take_videoTests.swift; sourceTree = "<group>"; };
		C697A7DA2B9AB7A30046F135 /* take_videoUITests.xctest */ = {isa = PBXFileReference; explicitFileType = wrapper.cfbundle; includeInIndex = 0; path = take_videoUITests.xctest; sourceTree = BUILT_PRODUCTS_DIR; };
		C697A7DE2B9AB7A30046F135 /* take_videoUITests.swift */ = {isa = PBXFileReference; lastKnownFileType = sourcecode.swift; path = take_videoUITests.swift; sourceTree = "<group>"; };
		C697A7E02B9AB7A30046F135 /* take_videoUITestsLaunchTests.swift */ = {isa = PBXFileReference; lastKnownFileType = sourcecode.swift; path = take_videoUITestsLaunchTests.swift; sourceTree = "<group>"; };
/* End PBXFileReference section */

/* Begin PBXFrameworksBuildPhase section */
		C697A7B72B9AB7A20046F135 /* Frameworks */ = {
			isa = PBXFrameworksBuildPhase;
			buildActionMask = 2147483647;
			files = (
			);
			runOnlyForDeploymentPostprocessing = 0;
		};
		C697A7CD2B9AB7A30046F135 /* Frameworks */ = {
			isa = PBXFrameworksBuildPhase;
			buildActionMask = 2147483647;
			files = (
			);
			runOnlyForDeploymentPostprocessing = 0;
		};
		C697A7D72B9AB7A30046F135 /* Frameworks */ = {
			isa = PBXFrameworksBuildPhase;
			buildActionMask = 2147483647;
			files = (
			);
			runOnlyForDeploymentPostprocessing = 0;
		};
/* End PBXFrameworksBuildPhase section */

/* Begin PBXGroup section */
		C697A7B12B9AB7A20046F135 = {
			isa = PBXGroup;
			children = (
				C697A7BC2B9AB7A20046F135 /* take_video */,
				C697A7D32B9AB7A30046F135 /* take_videoTests */,
				C697A7DD2B9AB7A30046F135 /* take_videoUITests */,
				C697A7BB2B9AB7A20046F135 /* Products */,
			);
			sourceTree = "<group>";
		};
		C697A7BB2B9AB7A20046F135 /* Products */ = {
			isa = PBXGroup;
			children = (
				C697A7BA2B9AB7A20046F135 /* take_video.app */,
				C697A7D02B9AB7A30046F135 /* take_videoTests.xctest */,
				C697A7DA2B9AB7A30046F135 /* take_videoUITests.xctest */,
			);
			name = Products;
			sourceTree = "<group>";
		};
		C697A7BC2B9AB7A20046F135 /* take_video */ = {
			isa = PBXGroup;
			children = (
				C697A7BD2B9AB7A20046F135 /* AppDelegate.swift */,
				C697A7BF2B9AB7A20046F135 /* SceneDelegate.swift */,
				C697A7C12B9AB7A20046F135 /* ViewController.swift */,
				C697A7C32B9AB7A20046F135 /* Main.storyboard */,
				C697A7C62B9AB7A30046F135 /* Assets.xcassets */,
				C697A7C82B9AB7A30046F135 /* LaunchScreen.storyboard */,
				C697A7CB2B9AB7A30046F135 /* Info.plist */,
			);
			path = take_video;
			sourceTree = "<group>";
		};
		C697A7D32B9AB7A30046F135 /* take_videoTests */ = {
			isa = PBXGroup;
			children = (
				C697A7D42B9AB7A30046F135 /* take_videoTests.swift */,
			);
			path = take_videoTests;
			sourceTree = "<group>";
		};
		C697A7DD2B9AB7A30046F135 /* take_videoUITests */ = {
			isa = PBXGroup;
			children = (
				C697A7DE2B9AB7A30046F135 /* take_videoUITests.swift */,
				C697A7E02B9AB7A30046F135 /* take_videoUITestsLaunchTests.swift */,
			);
			path = take_videoUITests;
			sourceTree = "<group>";
		};
/* End PBXGroup section */

/* Begin PBXNativeTarget section */
		C697A7B92B9AB7A20046F135 /* take_video */ = {
			isa = PBXNativeTarget;
			buildConfigurationList = C697A7E42B9AB7A30046F135 /* Build configuration list for PBXNativeTarget "take_video" */;
			buildPhases = (
				C697A7B62B9AB7A20046F135 /* Sources */,
				C697A7B72B9AB7A20046F135 /* Frameworks */,
				C697A7B82B9AB7A20046F135 /* Resources */,
			);
			buildRules = (
			);
			dependencies = (
			);
			name = take_video;
			productName = take_video;
			productReference = C697A7BA2B9AB7A20046F135 /* take_video.app */;
			productType = "com.apple.product-type.application";
		};
		C697A7CF2B9AB7A30046F135 /* take_videoTests */ = {
			isa = PBXNativeTarget;
			buildConfigurationList = C697A7E72B9AB7A30046F135 /* Build configuration list for PBXNativeTarget "take_videoTests" */;
			buildPhases = (
				C697A7CC2B9AB7A30046F135 /* Sources */,
				C697A7CD2B9AB7A30046F135 /* Frameworks */,
				C697A7CE2B9AB7A30046F135 /* Resources */,
			);
			buildRules = (
			);
			dependencies = (
				C697A7D22B9AB7A30046F135 /* PBXTargetDependency */,
			);
			name = take_videoTests;
			productName = take_videoTests;
			productReference = C697A7D02B9AB7A30046F135 /* take_videoTests.xctest */;
			productType = "com.apple.product-type.bundle.unit-test";
		};
		C697A7D92B9AB7A30046F135 /* take_videoUITests */ = {
			isa = PBXNativeTarget;
			buildConfigurationList = C697A7EA2B9AB7A30046F135 /* Build configuration list for PBXNativeTarget "take_videoUITests" */;
			buildPhases = (
				C697A7D62B9AB7A30046F135 /* Sources */,
				C697A7D72B9AB7A30046F135 /* Frameworks */,
				C697A7D82B9AB7A30046F135 /* Resources */,
			);
			buildRules = (
			);
			dependencies = (
				C697A7DC2B9AB7A30046F135 /* PBXTargetDependency */,
			);
			name = take_videoUITests;
			productName = take_videoUITests;
			productReference = C697A7DA2B9AB7A30046F135 /* take_videoUITests.xctest */;
			productType = "com.apple.product-type.bundle.ui-testing";
		};
/* End PBXNativeTarget section */

/* Begin PBXProject section */
		C697A7B22B9AB7A20046F135 /* Project object */ = {
			isa = PBXProject;
			attributes = {
				BuildIndependentTargetsInParallel = 1;
				LastSwiftUpdateCheck = 1520;
				LastUpgradeCheck = 1520;
				TargetAttributes = {
					C697A7B92B9AB7A20046F135 = {
						CreatedOnToolsVersion = 15.2;
					};
					C697A7CF2B9AB7A30046F135 = {
						CreatedOnToolsVersion = 15.2;
						TestTargetID = C697A7B92B9AB7A20046F135;
					};
					C697A7D92B9AB7A30046F135 = {
						CreatedOnToolsVersion = 15.2;
						TestTargetID = C697A7B92B9AB7A20046F135;
					};
				};
			};
			buildConfigurationList = C697A7B52B9AB7A20046F135 /* Build configuration list for PBXProject "take_video" */;
			compatibilityVersion = "Xcode 14.0";
			developmentRegion = en;
			hasScannedForEncodings = 0;
			knownRegions = (
				en,
				Base,
			);
			mainGroup = C697A7B12B9AB7A20046F135;
			productRefGroup = C697A7BB2B9AB7A20046F135 /* Products */;
			projectDirPath = "";
			projectRoot = "";
			targets = (
				C697A7B92B9AB7A20046F135 /* take_video */,
				C697A7CF2B9AB7A30046F135 /* take_videoTests */,
				C697A7D92B9AB7A30046F135 /* take_videoUITests */,
			);
		};
/* End PBXProject section */

/* Begin PBXResourcesBuildPhase section */
		C697A7B82B9AB7A20046F135 /* Resources */ = {
			isa = PBXResourcesBuildPhase;
			buildActionMask = 2147483647;
			files = (
				C697A7CA2B9AB7A30046F135 /* LaunchScreen.storyboard in Resources */,
				C697A7C72B9AB7A30046F135 /* Assets.xcassets in Resources */,
				C697A7C52B9AB7A20046F135 /* Main.storyboard in Resources */,
			);
			runOnlyForDeploymentPostprocessing = 0;
		};
		C697A7CE2B9AB7A30046F135 /* Resources */ = {
			isa = PBXResourcesBuildPhase;
			buildActionMask = 2147483647;
			files = (
			);
			runOnlyForDeploymentPostprocessing = 0;
		};
		C697A7D82B9AB7A30046F135 /* Resources */ = {
			isa = PBXResourcesBuildPhase;
			buildActionMask = 2147483647;
			files = (
			);
			runOnlyForDeploymentPostprocessing = 0;
		};
/* End PBXResourcesBuildPhase section */

/* Begin PBXSourcesBuildPhase section */
		C697A7B62B9AB7A20046F135 /* Sources */ = {
			isa = PBXSourcesBuildPhase;
			buildActionMask = 2147483647;
			files = (
				C697A7C22B9AB7A20046F135 /* ViewController.swift in Sources */,
				C697A7BE2B9AB7A20046F135 /* AppDelegate.swift in Sources */,
				C697A7C02B9AB7A20046F135 /* SceneDelegate.swift in Sources */,
			);
			runOnlyForDeploymentPostprocessing = 0;
		};
		C697A7CC2B9AB7A30046F135 /* Sources */ = {
			isa = PBXSourcesBuildPhase;
			buildActionMask = 2147483647;
			files = (
				C697A7D52B9AB7A30046F135 /* take_videoTests.swift in Sources */,
			);
			runOnlyForDeploymentPostprocessing = 0;
		};
		C697A7D62B9AB7A30046F135 /* Sources */ = {
			isa = PBXSourcesBuildPhase;
			buildActionMask = 2147483647;
			files = (
				C697A7DF2B9AB7A30046F135 /* take_videoUITests.swift in Sources */,
				C697A7E12B9AB7A30046F135 /* take_videoUITestsLaunchTests.swift in Sources */,
			);
			runOnlyForDeploymentPostprocessing = 0;
		};
/* End PBXSourcesBuildPhase section */

/* Begin PBXTargetDependency section */
		C697A7D22B9AB7A30046F135 /* PBXTargetDependency */ = {
			isa = PBXTargetDependency;
			target = C697A7B92B9AB7A20046F135 /* take_video */;
			targetProxy = C697A7D12B9AB7A30046F135 /* PBXContainerItemProxy */;
		};
		C697A7DC2B9AB7A30046F135 /* PBXTargetDependency */ = {
			isa = PBXTargetDependency;
			target = C697A7B92B9AB7A20046F135 /* take_video */;
			targetProxy = C697A7DB2B9AB7A30046F135 /* PBXContainerItemProxy */;
		};
/* End PBXTargetDependency section */

/* Begin PBXVariantGroup section */
		C697A7C32B9AB7A20046F135 /* Main.storyboard */ = {
			isa = PBXVariantGroup;
			children = (
				C697A7C42B9AB7A20046F135 /* Base */,
			);
			name = Main.storyboard;
			sourceTree = "<group>";
		};
		C697A7C82B9AB7A30046F135 /* LaunchScreen.storyboard */ = {
			isa = PBXVariantGroup;
			children = (
				C697A7C92B9AB7A30046F135 /* Base */,
			);
			name = LaunchScreen.storyboard;
			sourceTree = "<group>";
		};
/* End PBXVariantGroup section */

/* Begin XCBuildConfiguration section */
		C697A7E22B9AB7A30046F135 /* Debug */ = {
			isa = XCBuildConfiguration;
			buildSettings = {
				ALWAYS_SEARCH_USER_PATHS = NO;
				ASSETCATALOG_COMPILER_GENERATE_SWIFT_ASSET_SYMBOL_EXTENSIONS = YES;
				CLANG_ANALYZER_NONNULL = YES;
				CLANG_ANALYZER_NUMBER_OBJECT_CONVERSION = YES_AGGRESSIVE;
				CLANG_CXX_LANGUAGE_STANDARD = "gnu++20";
				CLANG_ENABLE_MODULES = YES;
				CLANG_ENABLE_OBJC_ARC = YES;
				CLANG_ENABLE_OBJC_WEAK = YES;
				CLANG_WARN_BLOCK_CAPTURE_AUTORELEASING = YES;
				CLANG_WARN_BOOL_CONVERSION = YES;
				CLANG_WARN_COMMA = YES;
				CLANG_WARN_CONSTANT_CONVERSION = YES;
				CLANG_WARN_DEPRECATED_OBJC_IMPLEMENTATIONS = YES;
				CLANG_WARN_DIRECT_OBJC_ISA_USAGE = YES_ERROR;
				CLANG_WARN_DOCUMENTATION_COMMENTS = YES;
				CLANG_WARN_EMPTY_BODY = YES;
				CLANG_WARN_ENUM_CONVERSION = YES;
				CLANG_WARN_INFINITE_RECURSION = YES;
				CLANG_WARN_INT_CONVERSION = YES;
				CLANG_WARN_NON_LITERAL_NULL_CONVERSION = YES;
				CLANG_WARN_OBJC_IMPLICIT_RETAIN_SELF = YES;
				CLANG_WARN_OBJC_LITERAL_CONVERSION = YES;
				CLANG_WARN_OBJC_ROOT_CLASS = YES_ERROR;
				CLANG_WARN_QUOTED_INCLUDE_IN_FRAMEWORK_HEADER = YES;
				CLANG_WARN_RANGE_LOOP_ANALYSIS = YES;
				CLANG_WARN_STRICT_PROTOTYPES = YES;
				CLANG_WARN_SUSPICIOUS_MOVE = YES;
				CLANG_WARN_UNGUARDED_AVAILABILITY = YES_AGGRESSIVE;
				CLANG_WARN_UNREACHABLE_CODE = YES;
				CLANG_WARN__DUPLICATE_METHOD_MATCH = YES;
				COPY_PHASE_STRIP = NO;
				DEBUG_INFORMATION_FORMAT = dwarf;
				ENABLE_STRICT_OBJC_MSGSEND = YES;
				ENABLE_TESTABILITY = YES;
				ENABLE_USER_SCRIPT_SANDBOXING = YES;
				GCC_C_LANGUAGE_STANDARD = gnu17;
				GCC_DYNAMIC_NO_PIC = NO;
				GCC_NO_COMMON_BLOCKS = YES;
				GCC_OPTIMIZATION_LEVEL = 0;
				GCC_PREPROCESSOR_DEFINITIONS = (
					"DEBUG=1",
					"$(inherited)",
				);
				GCC_WARN_64_TO_32_BIT_CONVERSION = YES;
				GCC_WARN_ABOUT_RETURN_TYPE = YES_ERROR;
				GCC_WARN_UNDECLARED_SELECTOR = YES;
				GCC_WARN_UNINITIALIZED_AUTOS = YES_AGGRESSIVE;
				GCC_WARN_UNUSED_FUNCTION = YES;
				GCC_WARN_UNUSED_VARIABLE = YES;
				IPHONEOS_DEPLOYMENT_TARGET = 17.2;
				LOCALIZATION_PREFERS_STRING_CATALOGS = YES;
				MTL_ENABLE_DEBUG_INFO = INCLUDE_SOURCE;
				MTL_FAST_MATH = YES;
				ONLY_ACTIVE_ARCH = YES;
				SDKROOT = iphoneos;
				SWIFT_ACTIVE_COMPILATION_CONDITIONS = "DEBUG $(inherited)";
				SWIFT_OPTIMIZATION_LEVEL = "-Onone";
			};
			name = Debug;
		};
		C697A7E32B9AB7A30046F135 /* Release */ = {
			isa = XCBuildConfiguration;
			buildSettings = {
				ALWAYS_SEARCH_USER_PATHS = NO;
				ASSETCATALOG_COMPILER_GENERATE_SWIFT_ASSET_SYMBOL_EXTENSIONS = YES;
				CLANG_ANALYZER_NONNULL = YES;
				CLANG_ANALYZER_NUMBER_OBJECT_CONVERSION = YES_AGGRESSIVE;
				CLANG_CXX_LANGUAGE_STANDARD = "gnu++20";
				CLANG_ENABLE_MODULES = YES;
				CLANG_ENABLE_OBJC_ARC = YES;
				CLANG_ENABLE_OBJC_WEAK = YES;
				CLANG_WARN_BLOCK_CAPTURE_AUTORELEASING = YES;
				CLANG_WARN_BOOL_CONVERSION = YES;
				CLANG_WARN_COMMA = YES;
				CLANG_WARN_CONSTANT_CONVERSION = YES;
				CLANG_WARN_DEPRECATED_OBJC_IMPLEMENTATIONS = YES;
				CLANG_WARN_DIRECT_OBJC_ISA_USAGE = YES_ERROR;
				CLANG_WARN_DOCUMENTATION_COMMENTS = YES;
				CLANG_WARN_EMPTY_BODY = YES;
				CLANG_WARN_ENUM_CONVERSION = YES;
				CLANG_WARN_INFINITE_RECURSION = YES;
				CLANG_WARN_INT_CONVERSION = YES;
				CLANG_WARN_NON_LITERAL_NULL_CONVERSION = YES;
				CLANG_WARN_OBJC_IMPLICIT_RETAIN_SELF = YES;
				CLANG_WARN_OBJC_LITERAL_CONVERSION = YES;
				CLANG_WARN_OBJC_ROOT_CLASS = YES_ERROR;
				CLANG_WARN_QUOTED_INCLUDE_IN_FRAMEWORK_HEADER = YES;
				CLANG_WARN_RANGE_LOOP_ANALYSIS = YES;
				CLANG_WARN_STRICT_PROTOTYPES = YES;
				CLANG_WARN_SUSPICIOUS_MOVE = YES;
				CLANG_WARN_UNGUARDED_AVAILABILITY = YES_AGGRESSIVE;
				CLANG_WARN_UNREACHABLE_CODE = YES;
				CLANG_WARN__DUPLICATE_METHOD_MATCH = YES;
				COPY_PHASE_STRIP = NO;
				DEBUG_INFORMATION_FORMAT = "dwarf-with-dsym";
				ENABLE_NS_ASSERTIONS = NO;
				ENABLE_STRICT_OBJC_MSGSEND = YES;
				ENABLE_USER_SCRIPT_SANDBOXING = YES;
				GCC_C_LANGUAGE_STANDARD = gnu17;
				GCC_NO_COMMON_BLOCKS = YES;
				GCC_WARN_64_TO_32_BIT_CONVERSION = YES;
				GCC_WARN_ABOUT_RETURN_TYPE = YES_ERROR;
				GCC_WARN_UNDECLARED_SELECTOR = YES;
				GCC_WARN_UNINITIALIZED_AUTOS = YES_AGGRESSIVE;
				GCC_WARN_UNUSED_FUNCTION = YES;
				GCC_WARN_UNUSED_VARIABLE = YES;
				IPHONEOS_DEPLOYMENT_TARGET = 17.2;
				LOCALIZATION_PREFERS_STRING_CATALOGS = YES;
				MTL_ENABLE_DEBUG_INFO = NO;
				MTL_FAST_MATH = YES;
				SDKROOT = iphoneos;
				SWIFT_COMPILATION_MODE = wholemodule;
				VALIDATE_PRODUCT = YES;
			};
			name = Release;
		};
		C697A7E52B9AB7A30046F135 /* Debug */ = {
			isa = XCBuildConfiguration;
			buildSettings = {
				ASSETCATALOG_COMPILER_APPICON_NAME = AppIcon;
				ASSETCATALOG_COMPILER_GLOBAL_ACCENT_COLOR_NAME = AccentColor;
				CODE_SIGN_STYLE = Automatic;
				CURRENT_PROJECT_VERSION = 1;
				DEVELOPMENT_TEAM = KZ78P3UPMD;
				GENERATE_INFOPLIST_FILE = YES;
				INFOPLIST_FILE = take_video/Info.plist;
				INFOPLIST_KEY_UIApplicationSupportsIndirectInputEvents = YES;
				INFOPLIST_KEY_UILaunchStoryboardName = LaunchScreen;
				INFOPLIST_KEY_UIMainStoryboardFile = Main;
				INFOPLIST_KEY_UISupportedInterfaceOrientations_iPad = "UIInterfaceOrientationPortrait UIInterfaceOrientationPortraitUpsideDown UIInterfaceOrientationLandscapeLeft UIInterfaceOrientationLandscapeRight";
				INFOPLIST_KEY_UISupportedInterfaceOrientations_iPhone = "UIInterfaceOrientationPortrait UIInterfaceOrientationLandscapeLeft UIInterfaceOrientationLandscapeRight";
				LD_RUNPATH_SEARCH_PATHS = (
					"$(inherited)",
					"@executable_path/Frameworks",
				);
				MARKETING_VERSION = 1.0;
				PRODUCT_BUNDLE_IDENTIFIER = "com.agampng.take-video";
				PRODUCT_NAME = "$(TARGET_NAME)";
				SWIFT_EMIT_LOC_STRINGS = YES;
				SWIFT_VERSION = 5.0;
				TARGETED_DEVICE_FAMILY = "1,2";
			};
			name = Debug;
		};
		C697A7E62B9AB7A30046F135 /* Release */ = {
			isa = XCBuildConfiguration;
			buildSettings = {
				ASSETCATALOG_COMPILER_APPICON_NAME = AppIcon;
				ASSETCATALOG_COMPILER_GLOBAL_ACCENT_COLOR_NAME = AccentColor;
				CODE_SIGN_STYLE = Automatic;
				CURRENT_PROJECT_VERSION = 1;
				DEVELOPMENT_TEAM = KZ78P3UPMD;
				GENERATE_INFOPLIST_FILE = YES;
				INFOPLIST_FILE = take_video/Info.plist;
				INFOPLIST_KEY_UIApplicationSupportsIndirectInputEvents = YES;
				INFOPLIST_KEY_UILaunchStoryboardName = LaunchScreen;
				INFOPLIST_KEY_UIMainStoryboardFile = Main;
				INFOPLIST_KEY_UISupportedInterfaceOrientations_iPad = "UIInterfaceOrientationPortrait UIInterfaceOrientationPortraitUpsideDown UIInterfaceOrientationLandscapeLeft UIInterfaceOrientationLandscapeRight";
				INFOPLIST_KEY_UISupportedInterfaceOrientations_iPhone = "UIInterfaceOrientationPortrait UIInterfaceOrientationLandscapeLeft UIInterfaceOrientationLandscapeRight";
				LD_RUNPATH_SEARCH_PATHS = (
					"$(inherited)",
					"@executable_path/Frameworks",
				);
				MARKETING_VERSION = 1.0;
				PRODUCT_BUNDLE_IDENTIFIER = "com.agampng.take-video";
				PRODUCT_NAME = "$(TARGET_NAME)";
				SWIFT_EMIT_LOC_STRINGS = YES;
				SWIFT_VERSION = 5.0;
				TARGETED_DEVICE_FAMILY = "1,2";
			};
			name = Release;
		};
		C697A7E82B9AB7A30046F135 /* Debug */ = {
			isa = XCBuildConfiguration;
			buildSettings = {
				ALWAYS_EMBED_SWIFT_STANDARD_LIBRARIES = YES;
				BUNDLE_LOADER = "$(TEST_HOST)";
				CODE_SIGN_STYLE = Automatic;
				CURRENT_PROJECT_VERSION = 1;
				DEVELOPMENT_TEAM = KZ78P3UPMD;
				GENERATE_INFOPLIST_FILE = YES;
				IPHONEOS_DEPLOYMENT_TARGET = 17.2;
				MARKETING_VERSION = 1.0;
				PRODUCT_BUNDLE_IDENTIFIER = "com.agampng.take-videoTests";
				PRODUCT_NAME = "$(TARGET_NAME)";
				SWIFT_EMIT_LOC_STRINGS = NO;
				SWIFT_VERSION = 5.0;
				TARGETED_DEVICE_FAMILY = "1,2";
				TEST_HOST = "$(BUILT_PRODUCTS_DIR)/take_video.app/$(BUNDLE_EXECUTABLE_FOLDER_PATH)/take_video";
			};
			name = Debug;
		};
		C697A7E92B9AB7A30046F135 /* Release */ = {
			isa = XCBuildConfiguration;
			buildSettings = {
				ALWAYS_EMBED_SWIFT_STANDARD_LIBRARIES = YES;
				BUNDLE_LOADER = "$(TEST_HOST)";
				CODE_SIGN_STYLE = Automatic;
				CURRENT_PROJECT_VERSION = 1;
				DEVELOPMENT_TEAM = KZ78P3UPMD;
				GENERATE_INFOPLIST_FILE = YES;
				IPHONEOS_DEPLOYMENT_TARGET = 17.2;
				MARKETING_VERSION = 1.0;
				PRODUCT_BUNDLE_IDENTIFIER = "com.agampng.take-videoTests";
				PRODUCT_NAME = "$(TARGET_NAME)";
				SWIFT_EMIT_LOC_STRINGS = NO;
				SWIFT_VERSION = 5.0;
				TARGETED_DEVICE_FAMILY = "1,2";
				TEST_HOST = "$(BUILT_PRODUCTS_DIR)/take_video.app/$(BUNDLE_EXECUTABLE_FOLDER_PATH)/take_video";
			};
			name = Release;
		};
		C697A7EB2B9AB7A30046F135 /* Debug */ = {
			isa = XCBuildConfiguration;
			buildSettings = {
				ALWAYS_EMBED_SWIFT_STANDARD_LIBRARIES = YES;
				CODE_SIGN_STYLE = Automatic;
				CURRENT_PROJECT_VERSION = 1;
				DEVELOPMENT_TEAM = KZ78P3UPMD;
				GENERATE_INFOPLIST_FILE = YES;
				MARKETING_VERSION = 1.0;
				PRODUCT_BUNDLE_IDENTIFIER = "com.agampng.take-videoUITests";
				PRODUCT_NAME = "$(TARGET_NAME)";
				SWIFT_EMIT_LOC_STRINGS = NO;
				SWIFT_VERSION = 5.0;
				TARGETED_DEVICE_FAMILY = "1,2";
				TEST_TARGET_NAME = take_video;
			};
			name = Debug;
		};
		C697A7EC2B9AB7A30046F135 /* Release */ = {
			isa = XCBuildConfiguration;
			buildSettings = {
				ALWAYS_EMBED_SWIFT_STANDARD_LIBRARIES = YES;
				CODE_SIGN_STYLE = Automatic;
				CURRENT_PROJECT_VERSION = 1;
				DEVELOPMENT_TEAM = KZ78P3UPMD;
				GENERATE_INFOPLIST_FILE = YES;
				MARKETING_VERSION = 1.0;
				PRODUCT_BUNDLE_IDENTIFIER = "com.agampng.take-videoUITests";
				PRODUCT_NAME = "$(TARGET_NAME)";
				SWIFT_EMIT_LOC_STRINGS = NO;
				SWIFT_VERSION = 5.0;
				TARGETED_DEVICE_FAMILY = "1,2";
				TEST_TARGET_NAME = take_video;
			};
			name = Release;
		};
/* End XCBuildConfiguration section */

/* Begin XCConfigurationList section */
		C697A7B52B9AB7A20046F135 /* Build configuration list for PBXProject "take_video" */ = {
			isa = XCConfigurationList;
			buildConfigurations = (
				C697A7E22B9AB7A30046F135 /* Debug */,
				C697A7E32B9AB7A30046F135 /* Release */,
			);
			defaultConfigurationIsVisible = 0;
			defaultConfigurationName = Release;
		};
		C697A7E42B9AB7A30046F135 /* Build configuration list for PBXNativeTarget "take_video" */ = {
			isa = XCConfigurationList;
			buildConfigurations = (
				C697A7E52B9AB7A30046F135 /* Debug */,
				C697A7E62B9AB7A30046F135 /* Release */,
			);
			defaultConfigurationIsVisible = 0;
			defaultConfigurationName = Release;
		};
		C697A7E72B9AB7A30046F135 /* Build configuration list for PBXNativeTarget "take_videoTests" */ = {
			isa = XCConfigurationList;
			buildConfigurations = (
				C697A7E82B9AB7A30046F135 /* Debug */,
				C697A7E92B9AB7A30046F135 /* Release */,
			);
			defaultConfigurationIsVisible = 0;
			defaultConfigurationName = Release;
		};
		C697A7EA2B9AB7A30046F135 /* Build configuration list for PBXNativeTarget "take_videoUITests" */ = {
			isa = XCConfigurationList;
			buildConfigurations = (
				C697A7EB2B9AB7A30046F135 /* Debug */,
				C697A7EC2B9AB7A30046F135 /* Release */,
			);
			defaultConfigurationIsVisible = 0;
			defaultConfigurationName = Release;
		};
/* End XCConfigurationList section */
	};
	rootObject = C697A7B22B9AB7A20046F135 /* Project object */;
}
